Microsoft Visual Studio Solution File, Format Version 12.00
# Visual Studio 2012
Project("{FAE04EC0-301F-11D3-BF4B-00C04F79EFBC}") = "Photon Phighters", "Photon Phighters.csproj", "{00C603BF-5EB5-42B0-92E3-C9A2D8C9CA37}"
EndProject
Global
	GlobalSection(SolutionConfigurationPlatforms) = preSolution
	Debug|Any CPU = Debug|Any CPU
	ExportDebug|Any CPU = ExportDebug|Any CPU
	ExportRelease|Any CPU = ExportRelease|Any CPU
	EndGlobalSection
	GlobalSection(ProjectConfigurationPlatforms) = postSolution
		{00C603BF-5EB5-42B0-92E3-C9A2D8C9CA37}.Debug|Any CPU.ActiveCfg = Debug|Any CPU
		{00C603BF-5EB5-42B0-92E3-C9A2D8C9CA37}.Debug|Any CPU.Build.0 = Debug|Any CPU
		{00C603BF-5EB5-42B0-92E3-C9A2D8C9CA37}.ExportDebug|Any CPU.ActiveCfg = ExportDebug|Any CPU
		{00C603BF-5EB5-42B0-92E3-C9A2D8C9CA37}.ExportDebug|Any CPU.Build.0 = ExportDebug|Any CPU
		{00C603BF-5EB5-42B0-92E3-C9A2D8C9CA37}.ExportRelease|Any CPU.ActiveCfg = ExportRelease|Any CPU
		{00C603BF-5EB5-42B0-92E3-C9A2D8C9CA37}.ExportRelease|Any CPU.Build.0 = ExportRelease|Any CPU
	EndGlobalSection
EndGlobal
